
Microsoft Visual Studio Solution File, Format Version 12.00
# Visual Studio 2012
Project("{FAE04EC0-301F-11D3-BF4B-00C04F79EFBC}") = "Texter", "Texter\Texter.csproj", "{D07F9713-2F66-4759-A055-9DF6D8DF5DAD}"
EndProject
Global
	GlobalSection(SolutionConfigurationPlatforms) = preSolution
		Debug|Any CPU = Debug|Any CPU
		Release|Any CPU = Release|Any CPU
	EndGlobalSection
	GlobalSection(ProjectConfigurationPlatforms) = postSolution
		{D07F9713-2F66-4759-A055-9DF6D8DF5DAD}.Debug|Any CPU.ActiveCfg = Debug|Any CPU
		{D07F9713-2F66-4759-A055-9DF6D8DF5DAD}.Debug|Any CPU.Build.0 = Debug|Any CPU
		{D07F9713-2F66-4759-A055-9DF6D8DF5DAD}.Release|Any CPU.ActiveCfg = Release|Any CPU
		{D07F9713-2F66-4759-A055-9DF6D8DF5DAD}.Release|Any CPU.Build.0 = Release|Any CPU
	EndGlobalSection
EndGlobal
